// !$*UTF8*$!
{
	archiveVersion = 1;
	classes = {
	};
	objectVersion = 56;
	objects = {

/* Begin PBXBuildFile section */
		A1000000000000000000000B /* MakeupPaletteApp.swift in Sources */ = {isa = PBXBuildFile; fileRef = A10000000000000000000007 /* MakeupPaletteApp.swift */; };
		A1000000000000000000000C /* ContentView.swift in Sources */ = {isa = PBXBuildFile; fileRef = A10000000000000000000008 /* ContentView.swift */; };
		A1000000000000000000000D /* Assets.xcassets in Resources */ = {isa = PBXBuildFile; fileRef = A1000000000000000000000A /* Assets.xcassets */; };
		A1000000000000000000001A /* CameraPreviewView.swift in Sources */ = {isa = PBXBuildFile; fileRef = A10000000000000000000018 /* CameraPreviewView.swift */; };
		A1000000000000000000001B /* MockCameraFeedView.swift in Sources */ = {isa = PBXBuildFile; fileRef = A10000000000000000000019 /* MockCameraFeedView.swift */; };
		A10000000000000000000028 /* MakeupCategory.swift in Sources */ = {isa = PBXBuildFile; fileRef = A1000000000000000000001C /* MakeupCategory.swift */; };
		A10000000000000000000029 /* MakeupColor.swift in Sources */ = {isa = PBXBuildFile; fileRef = A1000000000000000000001D /* MakeupColor.swift */; };
		A1000000000000000000002A /* MakeupSwatch.swift in Sources */ = {isa = PBXBuildFile; fileRef = A1000000000000000000001E /* MakeupSwatch.swift */; };
		A1000000000000000000002B /* MakeupOption.swift in Sources */ = {isa = PBXBuildFile; fileRef = A1000000000000000000001F /* MakeupOption.swift */; };
		A1000000000000000000002C /* MakeupCatalog.swift in Sources */ = {isa = PBXBuildFile; fileRef = A10000000000000000000020 /* MakeupCatalog.swift */; };
		A1000000000000000000002D /* MakeupEffectBridge.swift in Sources */ = {isa = PBXBuildFile; fileRef = A10000000000000000000021 /* MakeupEffectBridge.swift */; };
		A1000000000000000000002E /* MockMakeupEffectBridge.swift in Sources */ = {isa = PBXBuildFile; fileRef = A10000000000000000000022 /* MockMakeupEffectBridge.swift */; };
		A1000000000000000000002F /* MakeupColor+SwiftUI.swift in Sources */ = {isa = PBXBuildFile; fileRef = A10000000000000000000023 /* MakeupColor+SwiftUI.swift */; };
		A10000000000000000000030 /* PaletteTypography.swift in Sources */ = {isa = PBXBuildFile; fileRef = A10000000000000000000024 /* PaletteTypography.swift */; };
		A10000000000000000000031 /* MakeupPaletteView.swift in Sources */ = {isa = PBXBuildFile; fileRef = A10000000000000000000025 /* MakeupPaletteView.swift */; };
		A10000000000000000000032 /* MockCameraEffectsView.swift in Sources */ = {isa = PBXBuildFile; fileRef = A10000000000000000000026 /* MockCameraEffectsView.swift */; };
		A10000000000000000000033 /* DuoStudioLayout.swift in Sources */ = {isa = PBXBuildFile; fileRef = A10000000000000000000027 /* DuoStudioLayout.swift */; };
		A10000000000000000000041 /* SwatchReflection.swift in Sources */ = {isa = PBXBuildFile; fileRef = A10000000000000000000040 /* SwatchReflection.swift */; };
		A10000000000000000000043 /* SwatchColorEditor.swift in Sources */ = {isa = PBXBuildFile; fileRef = A10000000000000000000042 /* SwatchColorEditor.swift */; };
		A10000000000000000000045 /* MakeupLook.swift in Sources */ = {isa = PBXBuildFile; fileRef = A10000000000000000000044 /* MakeupLook.swift */; };
/* End PBXBuildFile section */

/* Begin PBXFileReference section */
		A10000000000000000000006 /* MakeupPalette.app */ = {isa = PBXFileReference; explicitFileType = wrapper.application; includeInIndex = 0; path = MakeupPalette.app; sourceTree = BUILT_PRODUCTS_DIR; };
		A10000000000000000000007 /* MakeupPaletteApp.swift */ = {isa = PBXFileReference; lastKnownFileType = sourcecode.swift; path = MakeupPaletteApp.swift; sourceTree = "<group>"; };
		A10000000000000000000008 /* ContentView.swift */ = {isa = PBXFileReference; lastKnownFileType = sourcecode.swift; path = ContentView.swift; sourceTree = "<group>"; };
		A10000000000000000000009 /* Info.plist */ = {isa = PBXFileReference; lastKnownFileType = text.plist.xml; path = Info.plist; sourceTree = "<group>"; };
		A1000000000000000000000A /* Assets.xcassets */ = {isa = PBXFileReference; lastKnownFileType = folder.assetcatalog; path = Assets.xcassets; sourceTree = "<group>"; };
		A10000000000000000000018 /* CameraPreviewView.swift */ = {isa = PBXFileReference; lastKnownFileType = sourcecode.swift; path = CameraPreviewView.swift; sourceTree = "<group>"; };
		A10000000000000000000019 /* MockCameraFeedView.swift */ = {isa = PBXFileReference; lastKnownFileType = sourcecode.swift; path = MockCameraFeedView.swift; sourceTree = "<group>"; };
		A1000000000000000000001C /* MakeupCategory.swift */ = {isa = PBXFileReference; lastKnownFileType = sourcecode.swift; path = MakeupCategory.swift; sourceTree = "<group>"; };
		A1000000000000000000001D /* MakeupColor.swift */ = {isa = PBXFileReference; lastKnownFileType = sourcecode.swift; path = MakeupColor.swift; sourceTree = "<group>"; };
		A1000000000000000000001E /* MakeupSwatch.swift */ = {isa = PBXFileReference; lastKnownFileType = sourcecode.swift; path = MakeupSwatch.swift; sourceTree = "<group>"; };
		A1000000000000000000001F /* MakeupOption.swift */ = {isa = PBXFileReference; lastKnownFileType = sourcecode.swift; path = MakeupOption.swift; sourceTree = "<group>"; };
		A10000000000000000000020 /* MakeupCatalog.swift */ = {isa = PBXFileReference; lastKnownFileType = sourcecode.swift; path = MakeupCatalog.swift; sourceTree = "<group>"; };
		A10000000000000000000021 /* MakeupEffectBridge.swift */ = {isa = PBXFileReference; lastKnownFileType = sourcecode.swift; path = MakeupEffectBridge.swift; sourceTree = "<group>"; };
		A10000000000000000000022 /* MockMakeupEffectBridge.swift */ = {isa = PBXFileReference; lastKnownFileType = sourcecode.swift; path = MockMakeupEffectBridge.swift; sourceTree = "<group>"; };
		A10000000000000000000023 /* MakeupColor+SwiftUI.swift */ = {isa = PBXFileReference; lastKnownFileType = sourcecode.swift; path = "MakeupColor+SwiftUI.swift"; sourceTree = "<group>"; };
		A10000000000000000000024 /* PaletteTypography.swift */ = {isa = PBXFileReference; lastKnownFileType = sourcecode.swift; path = PaletteTypography.swift; sourceTree = "<group>"; };
		A10000000000000000000025 /* MakeupPaletteView.swift */ = {isa = PBXFileReference; lastKnownFileType = sourcecode.swift; path = MakeupPaletteView.swift; sourceTree = "<group>"; };
		A10000000000000000000026 /* MockCameraEffectsView.swift */ = {isa = PBXFileReference; lastKnownFileType = sourcecode.swift; path = MockCameraEffectsView.swift; sourceTree = "<group>"; };
		A10000000000000000000027 /* DuoStudioLayout.swift */ = {isa = PBXFileReference; lastKnownFileType = sourcecode.swift; path = DuoStudioLayout.swift; sourceTree = "<group>"; };
		A10000000000000000000040 /* SwatchReflection.swift */ = {isa = PBXFileReference; lastKnownFileType = sourcecode.swift; path = SwatchReflection.swift; sourceTree = "<group>"; };
		A10000000000000000000042 /* SwatchColorEditor.swift */ = {isa = PBXFileReference; lastKnownFileType = sourcecode.swift; path = SwatchColorEditor.swift; sourceTree = "<group>"; };
		A10000000000000000000044 /* MakeupLook.swift */ = {isa = PBXFileReference; lastKnownFileType = sourcecode.swift; path = MakeupLook.swift; sourceTree = "<group>"; };
/* End PBXFileReference section */

/* Begin PBXFrameworksBuildPhase section */
		A10000000000000000000010 /* Frameworks */ = {
			isa = PBXFrameworksBuildPhase;
			buildActionMask = 2147483647;
			files = (
			);
			runOnlyForDeploymentPostprocessing = 0;
		};
/* End PBXFrameworksBuildPhase section */

/* Begin PBXGroup section */
		A10000000000000000000002 = {
			isa = PBXGroup;
			children = (
				A10000000000000000000003 /* MakeupPalette */,
				A10000000000000000000004 /* Products */,
			);
			sourceTree = "<group>";
		};
		A10000000000000000000003 /* MakeupPalette */ = {
			isa = PBXGroup;
			children = (
				A10000000000000000000007 /* MakeupPaletteApp.swift */,
				A10000000000000000000008 /* ContentView.swift */,
				A10000000000000000000017 /* Camera */,
				A10000000000000000000034 /* Models */,
				A10000000000000000000035 /* Palette */,
				A10000000000000000000036 /* Layout */,
				A10000000000000000000009 /* Info.plist */,
				A1000000000000000000000A /* Assets.xcassets */,
			);
			path = MakeupPalette;
			sourceTree = "<group>";
		};
		A10000000000000000000017 /* Camera */ = {
			isa = PBXGroup;
			children = (
				A10000000000000000000018 /* CameraPreviewView.swift */,
				A10000000000000000000019 /* MockCameraFeedView.swift */,
				A10000000000000000000026 /* MockCameraEffectsView.swift */,
			);
			path = Camera;
			sourceTree = "<group>";
		};
		A10000000000000000000034 /* Models */ = {
			isa = PBXGroup;
			children = (
				A1000000000000000000001C /* MakeupCategory.swift */,
				A1000000000000000000001D /* MakeupColor.swift */,
				A1000000000000000000001E /* MakeupSwatch.swift */,
				A1000000000000000000001F /* MakeupOption.swift */,
				A10000000000000000000020 /* MakeupCatalog.swift */,
				A10000000000000000000021 /* MakeupEffectBridge.swift */,
				A10000000000000000000022 /* MockMakeupEffectBridge.swift */,
				A10000000000000000000044 /* MakeupLook.swift */,
			);
			path = Models;
			sourceTree = "<group>";
		};
		A10000000000000000000035 /* Palette */ = {
			isa = PBXGroup;
			children = (
				A10000000000000000000023 /* MakeupColor+SwiftUI.swift */,
				A10000000000000000000024 /* PaletteTypography.swift */,
				A10000000000000000000025 /* MakeupPaletteView.swift */,
				A10000000000000000000042 /* SwatchColorEditor.swift */,
			);
			path = Palette;
			sourceTree = "<group>";
		};
		A10000000000000000000036 /* Layout */ = {
			isa = PBXGroup;
			children = (
				A10000000000000000000027 /* DuoStudioLayout.swift */,
				A10000000000000000000040 /* SwatchReflection.swift */,
			);
			path = Layout;
			sourceTree = "<group>";
		};
		A10000000000000000000004 /* Products */ = {
			isa = PBXGroup;
			children = (
				A10000000000000000000006 /* MakeupPalette.app */,
			);
			name = Products;
			sourceTree = "<group>";
		};
/* End PBXGroup section */

/* Begin PBXNativeTarget section */
		A10000000000000000000005 /* MakeupPalette */ = {
			isa = PBXNativeTarget;
			buildConfigurationList = A10000000000000000000012 /* Build configuration list for PBXNativeTarget "MakeupPalette" */;
			buildPhases = (
				A1000000000000000000000E /* Sources */,
				A10000000000000000000010 /* Frameworks */,
				A1000000000000000000000F /* Resources */,
			);
			buildRules = (
			);
			dependencies = (
			);
			name = MakeupPalette;
			productName = MakeupPalette;
			productReference = A10000000000000000000006 /* MakeupPalette.app */;
			productType = "com.apple.product-type.application";
		};
/* End PBXNativeTarget section */

/* Begin PBXProject section */
		A10000000000000000000001 /* Project object */ = {
			isa = PBXProject;
			attributes = {
				BuildIndependentTargetsInParallel = 1;
				LastUpgradeCheck = 2710;
				TargetAttributes = {
					A10000000000000000000005 = {
						CreatedOnToolsVersion = 27.1;
						ProvisioningStyle = Automatic;
					};
				};
			};
			buildConfigurationList = A10000000000000000000011 /* Build configuration list for PBXProject "MakeupPalette" */;
			compatibilityVersion = "Xcode 14.0";
			developmentRegion = en;
			hasScannedForEncodings = 0;
			knownRegions = (
				en,
				Base,
			);
			mainGroup = A10000000000000000000002;
			productRefGroup = A10000000000000000000004 /* Products */;
			projectDirPath = "";
			projectRoot = "";
			targets = (
				A10000000000000000000005 /* MakeupPalette */,
			);
		};
/* End PBXProject section */

/* Begin PBXResourcesBuildPhase section */
		A1000000000000000000000F /* Resources */ = {
			isa = PBXResourcesBuildPhase;
			buildActionMask = 2147483647;
			files = (
				A1000000000000000000000D /* Assets.xcassets in Resources */,
			);
			runOnlyForDeploymentPostprocessing = 0;
		};
/* End PBXResourcesBuildPhase section */

/* Begin PBXSourcesBuildPhase section */
		A1000000000000000000000E /* Sources */ = {
			isa = PBXSourcesBuildPhase;
			buildActionMask = 2147483647;
			files = (
				A1000000000000000000000B /* MakeupPaletteApp.swift in Sources */,
				A1000000000000000000000C /* ContentView.swift in Sources */,
				A1000000000000000000001A /* CameraPreviewView.swift in Sources */,
				A1000000000000000000001B /* MockCameraFeedView.swift in Sources */,
				A10000000000000000000028 /* MakeupCategory.swift in Sources */,
				A10000000000000000000029 /* MakeupColor.swift in Sources */,
				A1000000000000000000002A /* MakeupSwatch.swift in Sources */,
				A1000000000000000000002B /* MakeupOption.swift in Sources */,
				A1000000000000000000002C /* MakeupCatalog.swift in Sources */,
				A1000000000000000000002D /* MakeupEffectBridge.swift in Sources */,
				A1000000000000000000002E /* MockMakeupEffectBridge.swift in Sources */,
				A1000000000000000000002F /* MakeupColor+SwiftUI.swift in Sources */,
				A10000000000000000000030 /* PaletteTypography.swift in Sources */,
				A10000000000000000000031 /* MakeupPaletteView.swift in Sources */,
				A10000000000000000000032 /* MockCameraEffectsView.swift in Sources */,
				A10000000000000000000033 /* DuoStudioLayout.swift in Sources */,
				A10000000000000000000041 /* SwatchReflection.swift in Sources */,
				A10000000000000000000043 /* SwatchColorEditor.swift in Sources */,
				A10000000000000000000045 /* MakeupLook.swift in Sources */,
			);
			runOnlyForDeploymentPostprocessing = 0;
		};
/* End PBXSourcesBuildPhase section */

/* Begin XCBuildConfiguration section */
		A10000000000000000000013 /* Debug */ = {
			isa = XCBuildConfiguration;
			buildSettings = {
				ALWAYS_SEARCH_USER_PATHS = NO;
				CLANG_ENABLE_MODULES = YES;
				CODE_SIGN_STYLE = Automatic;
				DEBUG_INFORMATION_FORMAT = dwarf;
				ENABLE_TESTABILITY = YES;
				ENABLE_USER_SCRIPT_SANDBOXING = YES;
				GCC_C_LANGUAGE_STANDARD = gnu17;
				GCC_OPTIMIZATION_LEVEL = 0;
				IPHONEOS_DEPLOYMENT_TARGET = 26.0;
				ONLY_ACTIVE_ARCH = YES;
				SDKROOT = iphoneos;
				SUPPORTED_PLATFORMS = "iphoneos iphonesimulator";
				SWIFT_ACTIVE_COMPILATION_CONDITIONS = "DEBUG $(inherited)";
				SWIFT_OPTIMIZATION_LEVEL = "-Onone";
			};
			name = Debug;
		};
		A10000000000000000000014 /* Release */ = {
			isa = XCBuildConfiguration;
			buildSettings = {
				ALWAYS_SEARCH_USER_PATHS = NO;
				CLANG_ENABLE_MODULES = YES;
				CODE_SIGN_STYLE = Automatic;
				DEBUG_INFORMATION_FORMAT = "dwarf-with-dsym";
				ENABLE_USER_SCRIPT_SANDBOXING = YES;
				GCC_C_LANGUAGE_STANDARD = gnu17;
				IPHONEOS_DEPLOYMENT_TARGET = 26.0;
				SDKROOT = iphoneos;
				SUPPORTED_PLATFORMS = "iphoneos iphonesimulator";
				SWIFT_COMPILATION_MODE = wholemodule;
				SWIFT_OPTIMIZATION_LEVEL = "-O";
			};
			name = Release;
		};
		A10000000000000000000015 /* Debug */ = {
			isa = XCBuildConfiguration;
			buildSettings = {
				ASSETCATALOG_COMPILER_APPICON_NAME = AppIcon;
				ASSETCATALOG_COMPILER_GLOBAL_ACCENT_COLOR_NAME = AccentColor;
				CURRENT_PROJECT_VERSION = 1;
				GENERATE_INFOPLIST_FILE = NO;
				INFOPLIST_FILE = MakeupPalette/Info.plist;
				MARKETING_VERSION = 1.0;
				PRODUCT_BUNDLE_IDENTIFIER = app.bitrig.new.5ddbf730e6a44ecc953ede2f2a7a326c;
				PRODUCT_NAME = "$(TARGET_NAME)";
				SWIFT_EMIT_LOC_STRINGS = YES;
				SWIFT_VERSION = 5.0;
				TARGETED_DEVICE_FAMILY = 1;
			};
			name = Debug;
		};
		A10000000000000000000016 /* Release */ = {
			isa = XCBuildConfiguration;
			buildSettings = {
				ASSETCATALOG_COMPILER_APPICON_NAME = AppIcon;
				ASSETCATALOG_COMPILER_GLOBAL_ACCENT_COLOR_NAME = AccentColor;
				CURRENT_PROJECT_VERSION = 1;
				GENERATE_INFOPLIST_FILE = NO;
				INFOPLIST_FILE = MakeupPalette/Info.plist;
				MARKETING_VERSION = 1.0;
				PRODUCT_BUNDLE_IDENTIFIER = app.bitrig.new.5ddbf730e6a44ecc953ede2f2a7a326c;
				PRODUCT_NAME = "$(TARGET_NAME)";
				SWIFT_EMIT_LOC_STRINGS = YES;
				SWIFT_VERSION = 5.0;
				TARGETED_DEVICE_FAMILY = 1;
			};
			name = Release;
		};
/* End XCBuildConfiguration section */

/* Begin XCConfigurationList section */
		A10000000000000000000011 /* Build configuration list for PBXProject "MakeupPalette" */ = {
			isa = XCConfigurationList;
			buildConfigurations = (
				A10000000000000000000013 /* Debug */,
				A10000000000000000000014 /* Release */,
			);
			defaultConfigurationIsVisible = 0;
			defaultConfigurationName = Release;
		};
		A10000000000000000000012 /* Build configuration list for PBXNativeTarget "MakeupPalette" */ = {
			isa = XCConfigurationList;
			buildConfigurations = (
				A10000000000000000000015 /* Debug */,
				A10000000000000000000016 /* Release */,
			);
			defaultConfigurationIsVisible = 0;
			defaultConfigurationName = Release;
		};
/* End XCConfigurationList section */
	};
	rootObject = A10000000000000000000001 /* Project object */;
}
